// !$*UTF8*$!
{
	archiveVersion = 1;
	classes = {
	};
	objectVersion = 55;
	objects = {

/* Begin PBXBuildFile section */
		606DCF3E27E003C900C4D26B /* EmployeeLogApp.swift in Sources */ = {isa = PBXBuildFile; fileRef = 606DCF3D27E003C900C4D26B /* EmployeeLogApp.swift */; };
		606DCF4027E003C900C4D26B /* ContentView.swift in Sources */ = {isa = PBXBuildFile; fileRef = 606DCF3F27E003C900C4D26B /* ContentView.swift */; };
		606DCF4227E003CF00C4D26B /* Assets.xcassets in Resources */ = {isa = PBXBuildFile; fileRef = 606DCF4127E003CF00C4D26B /* Assets.xcassets */; };
		606DCF4527E003CF00C4D26B /* Preview Assets.xcassets in Resources */ = {isa = PBXBuildFile; fileRef = 606DCF4427E003CF00C4D26B /* Preview Assets.xcassets */; };
		606DCF5327E00CD600C4D26B /* employeeData.json in Resources */ = {isa = PBXBuildFile; fileRef = 606DCF5227E00CD600C4D26B /* employeeData.json */; };
		606DCF5527E00D9F00C4D26B /* Employee.swift in Sources */ = {isa = PBXBuildFile; fileRef = 606DCF5427E00D9F00C4D26B /* Employee.swift */; };
		606DCF5727E00DEB00C4D26B /* EmployeeModel.swift in Sources */ = {isa = PBXBuildFile; fileRef = 606DCF5627E00DEB00C4D26B /* EmployeeModel.swift */; };
		606DCF5927E00E1400C4D26B /* DataService.swift in Sources */ = {isa = PBXBuildFile; fileRef = 606DCF5827E00E1400C4D26B /* DataService.swift */; };
		606DCF5B27E00F9B00C4D26B /* PreferencesView.swift in Sources */ = {isa = PBXBuildFile; fileRef = 606DCF5A27E00F9B00C4D26B /* PreferencesView.swift */; };
		606DCF5E27E016DB00C4D26B /* EmployeeView.swift in Sources */ = {isa = PBXBuildFile; fileRef = 606DCF5D27E016DB00C4D26B /* EmployeeView.swift */; };
/* End PBXBuildFile section */

/* Begin PBXFileReference section */
		606DCF3A27E003C900C4D26B /* EmployeeLog.app */ = {isa = PBXFileReference; explicitFileType = wrapper.application; includeInIndex = 0; path = EmployeeLog.app; sourceTree = BUILT_PRODUCTS_DIR; };
		606DCF3D27E003C900C4D26B /* EmployeeLogApp.swift */ = {isa = PBXFileReference; lastKnownFileType = sourcecode.swift; path = EmployeeLogApp.swift; sourceTree = "<group>"; };
		606DCF3F27E003C900C4D26B /* ContentView.swift */ = {isa = PBXFileReference; lastKnownFileType = sourcecode.swift; path = ContentView.swift; sourceTree = "<group>"; };
		606DCF4127E003CF00C4D26B /* Assets.xcassets */ = {isa = PBXFileReference; lastKnownFileType = folder.assetcatalog; path = Assets.xcassets; sourceTree = "<group>"; };
		606DCF4427E003CF00C4D26B /* Preview Assets.xcassets */ = {isa = PBXFileReference; lastKnownFileType = folder.assetcatalog; path = "Preview Assets.xcassets"; sourceTree = "<group>"; };
		606DCF5227E00CD600C4D26B /* employeeData.json */ = {isa = PBXFileReference; lastKnownFileType = text.json; path = employeeData.json; sourceTree = "<group>"; };
		606DCF5427E00D9F00C4D26B /* Employee.swift */ = {isa = PBXFileReference; lastKnownFileType = sourcecode.swift; path = Employee.swift; sourceTree = "<group>"; };
		606DCF5627E00DEB00C4D26B /* EmployeeModel.swift */ = {isa = PBXFileReference; lastKnownFileType = sourcecode.swift; path = EmployeeModel.swift; sourceTree = "<group>"; };
		606DCF5827E00E1400C4D26B /* DataService.swift */ = {isa = PBXFileReference; lastKnownFileType = sourcecode.swift; path = DataService.swift; sourceTree = "<group>"; };
		606DCF5A27E00F9B00C4D26B /* PreferencesView.swift */ = {isa = PBXFileReference; lastKnownFileType = sourcecode.swift; path = PreferencesView.swift; sourceTree = "<group>"; };
		606DCF5D27E016DB00C4D26B /* EmployeeView.swift */ = {isa = PBXFileReference; lastKnownFileType = sourcecode.swift; path = EmployeeView.swift; sourceTree = "<group>"; };
/* End PBXFileReference section */

/* Begin PBXFrameworksBuildPhase section */
		606DCF3727E003C900C4D26B /* Frameworks */ = {
			isa = PBXFrameworksBuildPhase;
			buildActionMask = 2147483647;
			files = (
			);
			runOnlyForDeploymentPostprocessing = 0;
		};
/* End PBXFrameworksBuildPhase section */

/* Begin PBXGroup section */
		606DCF3127E003C900C4D26B = {
			isa = PBXGroup;
			children = (
				606DCF3C27E003C900C4D26B /* EmployeeLog */,
				606DCF3B27E003C900C4D26B /* Products */,
			);
			sourceTree = "<group>";
		};
		606DCF3B27E003C900C4D26B /* Products */ = {
			isa = PBXGroup;
			children = (
				606DCF3A27E003C900C4D26B /* EmployeeLog.app */,
			);
			name = Products;
			sourceTree = "<group>";
		};
		606DCF3C27E003C900C4D26B /* EmployeeLog */ = {
			isa = PBXGroup;
			children = (
				606DCF3D27E003C900C4D26B /* EmployeeLogApp.swift */,
				606DCF4F27E00C5400C4D26B /* ViewModels */,
				606DCF4E27E00C4E00C4D26B /* Models */,
				606DCF4D27E00C4700C4D26B /* Views */,
				606DCF4C27E00C4300C4D26B /* Data */,
				606DCF4B27E00C3A00C4D26B /* Services */,
				606DCF4127E003CF00C4D26B /* Assets.xcassets */,
				606DCF4327E003CF00C4D26B /* Preview Content */,
			);
			path = EmployeeLog;
			sourceTree = "<group>";
		};
		606DCF4327E003CF00C4D26B /* Preview Content */ = {
			isa = PBXGroup;
			children = (
				606DCF4427E003CF00C4D26B /* Preview Assets.xcassets */,
			);
			path = "Preview Content";
			sourceTree = "<group>";
		};
		606DCF4B27E00C3A00C4D26B /* Services */ = {
			isa = PBXGroup;
			children = (
				606DCF5827E00E1400C4D26B /* DataService.swift */,
			);
			path = Services;
			sourceTree = "<group>";
		};
		606DCF4C27E00C4300C4D26B /* Data */ = {
			isa = PBXGroup;
			children = (
				606DCF5227E00CD600C4D26B /* employeeData.json */,
			);
			path = Data;
			sourceTree = "<group>";
		};
		606DCF4D27E00C4700C4D26B /* Views */ = {
			isa = PBXGroup;
			children = (
				606DCF3F27E003C900C4D26B /* ContentView.swift */,
				606DCF5A27E00F9B00C4D26B /* PreferencesView.swift */,
				606DCF5D27E016DB00C4D26B /* EmployeeView.swift */,
			);
			path = Views;
			sourceTree = "<group>";
		};
		606DCF4E27E00C4E00C4D26B /* Models */ = {
			isa = PBXGroup;
			children = (
				606DCF5427E00D9F00C4D26B /* Employee.swift */,
			);
			path = Models;
			sourceTree = "<group>";
		};
		606DCF4F27E00C5400C4D26B /* ViewModels */ = {
			isa = PBXGroup;
			children = (
				606DCF5627E00DEB00C4D26B /* EmployeeModel.swift */,
			);
			path = ViewModels;
			sourceTree = "<group>";
		};
/* End PBXGroup section */

/* Begin PBXNativeTarget section */
		606DCF3927E003C900C4D26B /* EmployeeLog */ = {
			isa = PBXNativeTarget;
			buildConfigurationList = 606DCF4827E003CF00C4D26B /* Build configuration list for PBXNativeTarget "EmployeeLog" */;
			buildPhases = (
				606DCF3627E003C900C4D26B /* Sources */,
				606DCF3727E003C900C4D26B /* Frameworks */,
				606DCF3827E003C900C4D26B /* Resources */,
			);
			buildRules = (
			);
			dependencies = (
			);
			name = EmployeeLog;
			productName = EmployeeLog;
			productReference = 606DCF3A27E003C900C4D26B /* EmployeeLog.app */;
			productType = "com.apple.product-type.application";
		};
/* End PBXNativeTarget section */

/* Begin PBXProject section */
		606DCF3227E003C900C4D26B /* Project object */ = {
			isa = PBXProject;
			attributes = {
				BuildIndependentTargetsInParallel = 1;
				LastSwiftUpdateCheck = 1320;
				LastUpgradeCheck = 1320;
				TargetAttributes = {
					606DCF3927E003C900C4D26B = {
						CreatedOnToolsVersion = 13.2.1;
					};
				};
			};
			buildConfigurationList = 606DCF3527E003C900C4D26B /* Build configuration list for PBXProject "EmployeeLog" */;
			compatibilityVersion = "Xcode 13.0";
			developmentRegion = en;
			hasScannedForEncodings = 0;
			knownRegions = (
				en,
				Base,
			);
			mainGroup = 606DCF3127E003C900C4D26B;
			productRefGroup = 606DCF3B27E003C900C4D26B /* Products */;
			projectDirPath = "";
			projectRoot = "";
			targets = (
				606DCF3927E003C900C4D26B /* EmployeeLog */,
			);
		};
/* End PBXProject section */

/* Begin PBXResourcesBuildPhase section */
		606DCF3827E003C900C4D26B /* Resources */ = {
			isa = PBXResourcesBuildPhase;
			buildActionMask = 2147483647;
			files = (
				606DCF5327E00CD600C4D26B /* employeeData.json in Resources */,
				606DCF4527E003CF00C4D26B /* Preview Assets.xcassets in Resources */,
				606DCF4227E003CF00C4D26B /* Assets.xcassets in Resources */,
			);
			runOnlyForDeploymentPostprocessing = 0;
		};
/* End PBXResourcesBuildPhase section */

/* Begin PBXSourcesBuildPhase section */
		606DCF3627E003C900C4D26B /* Sources */ = {
			isa = PBXSourcesBuildPhase;
			buildActionMask = 2147483647;
			files = (
				606DCF4027E003C900C4D26B /* ContentView.swift in Sources */,
				606DCF5B27E00F9B00C4D26B /* PreferencesView.swift in Sources */,
				606DCF5E27E016DB00C4D26B /* EmployeeView.swift in Sources */,
				606DCF5527E00D9F00C4D26B /* Employee.swift in Sources */,
				606DCF3E27E003C900C4D26B /* EmployeeLogApp.swift in Sources */,
				606DCF5727E00DEB00C4D26B /* EmployeeModel.swift in Sources */,
				606DCF5927E00E1400C4D26B /* DataService.swift in Sources */,
			);
			runOnlyForDeploymentPostprocessing = 0;
		};
/* End PBXSourcesBuildPhase section */

/* Begin XCBuildConfiguration section */
		606DCF4627E003CF00C4D26B /* Debug */ = {
			isa = XCBuildConfiguration;
			buildSettings = {
				ALWAYS_SEARCH_USER_PATHS = NO;
				CLANG_ANALYZER_NONNULL = YES;
				CLANG_ANALYZER_NUMBER_OBJECT_CONVERSION = YES_AGGRESSIVE;
				CLANG_CXX_LANGUAGE_STANDARD = "gnu++17";
				CLANG_CXX_LIBRARY = "libc++";
				CLANG_ENABLE_MODULES = YES;
				CLANG_ENABLE_OBJC_ARC = YES;
				CLANG_ENABLE_OBJC_WEAK = YES;
				CLANG_WARN_BLOCK_CAPTURE_AUTORELEASING = YES;
				CLANG_WARN_BOOL_CONVERSION = YES;
				CLANG_WARN_COMMA = YES;
				CLANG_WARN_CONSTANT_CONVERSION = YES;
				CLANG_WARN_DEPRECATED_OBJC_IMPLEMENTATIONS = YES;
				CLANG_WARN_DIRECT_OBJC_ISA_USAGE = YES_ERROR;
				CLANG_WARN_DOCUMENTATION_COMMENTS = YES;
				CLANG_WARN_EMPTY_BODY = YES;
				CLANG_WARN_ENUM_CONVERSION = YES;
				CLANG_WARN_INFINITE_RECURSION = YES;
				CLANG_WARN_INT_CONVERSION = YES;
				CLANG_WARN_NON_LITERAL_NULL_CONVERSION = YES;
				CLANG_WARN_OBJC_IMPLICIT_RETAIN_SELF = YES;
				CLANG_WARN_OBJC_LITERAL_CONVERSION = YES;
				CLANG_WARN_OBJC_ROOT_CLASS = YES_ERROR;
				CLANG_WARN_QUOTED_INCLUDE_IN_FRAMEWORK_HEADER = YES;
				CLANG_WARN_RANGE_LOOP_ANALYSIS = YES;
				CLANG_WARN_STRICT_PROTOTYPES = YES;
				CLANG_WARN_SUSPICIOUS_MOVE = YES;
				CLANG_WARN_UNGUARDED_AVAILABILITY = YES_AGGRESSIVE;
				CLANG_WARN_UNREACHABLE_CODE = YES;
				CLANG_WARN__DUPLICATE_METHOD_MATCH = YES;
				COPY_PHASE_STRIP = NO;
				DEBUG_INFORMATION_FORMAT = dwarf;
				ENABLE_STRICT_OBJC_MSGSEND = YES;
				ENABLE_TESTABILITY = YES;
				GCC_C_LANGUAGE_STANDARD = gnu11;
				GCC_DYNAMIC_NO_PIC = NO;
				GCC_NO_COMMON_BLOCKS = YES;
				GCC_OPTIMIZATION_LEVEL = 0;
				GCC_PREPROCESSOR_DEFINITIONS = (
					"DEBUG=1",
					"$(inherited)",
				);
				GCC_WARN_64_TO_32_BIT_CONVERSION = YES;
				GCC_WARN_ABOUT_RETURN_TYPE = YES_ERROR;
				GCC_WARN_UNDECLARED_SELECTOR = YES;
				GCC_WARN_UNINITIALIZED_AUTOS = YES_AGGRESSIVE;
				GCC_WARN_UNUSED_FUNCTION = YES;
				GCC_WARN_UNUSED_VARIABLE = YES;
				IPHONEOS_DEPLOYMENT_TARGET = 15.2;
				MTL_ENABLE_DEBUG_INFO = INCLUDE_SOURCE;
				MTL_FAST_MATH = YES;
				ONLY_ACTIVE_ARCH = YES;
				SDKROOT = iphoneos;
				SWIFT_ACTIVE_COMPILATION_CONDITIONS = DEBUG;
				SWIFT_OPTIMIZATION_LEVEL = "-Onone";
			};
			name = Debug;
		};
		606DCF4727E003CF00C4D26B /* Release */ = {
			isa = XCBuildConfiguration;
			buildSettings = {
				ALWAYS_SEARCH_USER_PATHS = NO;
				CLANG_ANALYZER_NONNULL = YES;
				CLANG_ANALYZER_NUMBER_OBJECT_CONVERSION = YES_AGGRESSIVE;
				CLANG_CXX_LANGUAGE_STANDARD = "gnu++17";
				CLANG_CXX_LIBRARY = "libc++";
				CLANG_ENABLE_MODULES = YES;
				CLANG_ENABLE_OBJC_ARC = YES;
				CLANG_ENABLE_OBJC_WEAK = YES;
				CLANG_WARN_BLOCK_CAPTURE_AUTORELEASING = YES;
				CLANG_WARN_BOOL_CONVERSION = YES;
				CLANG_WARN_COMMA = YES;
				CLANG_WARN_CONSTANT_CONVERSION = YES;
				CLANG_WARN_DEPRECATED_OBJC_IMPLEMENTATIONS = YES;
				CLANG_WARN_DIRECT_OBJC_ISA_USAGE = YES_ERROR;
				CLANG_WARN_DOCUMENTATION_COMMENTS = YES;
				CLANG_WARN_EMPTY_BODY = YES;
				CLANG_WARN_ENUM_CONVERSION = YES;
				CLANG_WARN_INFINITE_RECURSION = YES;
				CLANG_WARN_INT_CONVERSION = YES;
				CLANG_WARN_NON_LITERAL_NULL_CONVERSION = YES;
				CLANG_WARN_OBJC_IMPLICIT_RETAIN_SELF = YES;
				CLANG_WARN_OBJC_LITERAL_CONVERSION = YES;
				CLANG_WARN_OBJC_ROOT_CLASS = YES_ERROR;
				CLANG_WARN_QUOTED_INCLUDE_IN_FRAMEWORK_HEADER = YES;
				CLANG_WARN_RANGE_LOOP_ANALYSIS = YES;
				CLANG_WARN_STRICT_PROTOTYPES = YES;
				CLANG_WARN_SUSPICIOUS_MOVE = YES;
				CLANG_WARN_UNGUARDED_AVAILABILITY = YES_AGGRESSIVE;
				CLANG_WARN_UNREACHABLE_CODE = YES;
				CLANG_WARN__DUPLICATE_METHOD_MATCH = YES;
				COPY_PHASE_STRIP = NO;
				DEBUG_INFORMATION_FORMAT = "dwarf-with-dsym";
				ENABLE_NS_ASSERTIONS = NO;
				ENABLE_STRICT_OBJC_MSGSEND = YES;
				GCC_C_LANGUAGE_STANDARD = gnu11;
				GCC_NO_COMMON_BLOCKS = YES;
				GCC_WARN_64_TO_32_BIT_CONVERSION = YES;
				GCC_WARN_ABOUT_RETURN_TYPE = YES_ERROR;
				GCC_WARN_UNDECLARED_SELECTOR = YES;
				GCC_WARN_UNINITIALIZED_AUTOS = YES_AGGRESSIVE;
				GCC_WARN_UNUSED_FUNCTION = YES;
				GCC_WARN_UNUSED_VARIABLE = YES;
				IPHONEOS_DEPLOYMENT_TARGET = 15.2;
				MTL_ENABLE_DEBUG_INFO = NO;
				MTL_FAST_MATH = YES;
				SDKROOT = iphoneos;
				SWIFT_COMPILATION_MODE = wholemodule;
				SWIFT_OPTIMIZATION_LEVEL = "-O";
				VALIDATE_PRODUCT = YES;
			};
			name = Release;
		};
		606DCF4927E003CF00C4D26B /* Debug */ = {
			isa = XCBuildConfiguration;
			buildSettings = {
				ASSETCATALOG_COMPILER_APPICON_NAME = AppIcon;
				ASSETCATALOG_COMPILER_GLOBAL_ACCENT_COLOR_NAME = AccentColor;
				CODE_SIGN_STYLE = Automatic;
				CURRENT_PROJECT_VERSION = 1;
				DEVELOPMENT_ASSET_PATHS = "\"EmployeeLog/Preview Content\"";
				DEVELOPMENT_TEAM = AQ9F7XN776;
				ENABLE_PREVIEWS = YES;
				GENERATE_INFOPLIST_FILE = YES;
				INFOPLIST_KEY_UIApplicationSceneManifest_Generation = YES;
				INFOPLIST_KEY_UIApplicationSupportsIndirectInputEvents = YES;
				INFOPLIST_KEY_UILaunchScreen_Generation = YES;
				INFOPLIST_KEY_UISupportedInterfaceOrientations_iPad = "UIInterfaceOrientationPortrait UIInterfaceOrientationPortraitUpsideDown UIInterfaceOrientationLandscapeLeft UIInterfaceOrientationLandscapeRight";
				INFOPLIST_KEY_UISupportedInterfaceOrientations_iPhone = "UIInterfaceOrientationPortrait UIInterfaceOrientationLandscapeLeft UIInterfaceOrientationLandscapeRight";
				LD_RUNPATH_SEARCH_PATHS = (
					"$(inherited)",
					"@executable_path/Frameworks",
				);
				MARKETING_VERSION = 1.0;
				PRODUCT_BUNDLE_IDENTIFIER = com.ilyas.EmployeeLog;
				PRODUCT_NAME = "$(TARGET_NAME)";
				SWIFT_EMIT_LOC_STRINGS = YES;
				SWIFT_VERSION = 5.0;
				TARGETED_DEVICE_FAMILY = "1,2";
			};
			name = Debug;
		};
		606DCF4A27E003CF00C4D26B /* Release */ = {
			isa = XCBuildConfiguration;
			buildSettings = {
				ASSETCATALOG_COMPILER_APPICON_NAME = AppIcon;
				ASSETCATALOG_COMPILER_GLOBAL_ACCENT_COLOR_NAME = AccentColor;
				CODE_SIGN_STYLE = Automatic;
				CURRENT_PROJECT_VERSION = 1;
				DEVELOPMENT_ASSET_PATHS = "\"EmployeeLog/Preview Content\"";
				DEVELOPMENT_TEAM = AQ9F7XN776;
				ENABLE_PREVIEWS = YES;
				GENERATE_INFOPLIST_FILE = YES;
				INFOPLIST_KEY_UIApplicationSceneManifest_Generation = YES;
				INFOPLIST_KEY_UIApplicationSupportsIndirectInputEvents = YES;
				INFOPLIST_KEY_UILaunchScreen_Generation = YES;
				INFOPLIST_KEY_UISupportedInterfaceOrientations_iPad = "UIInterfaceOrientationPortrait UIInterfaceOrientationPortraitUpsideDown UIInterfaceOrientationLandscapeLeft UIInterfaceOrientationLandscapeRight";
				INFOPLIST_KEY_UISupportedInterfaceOrientations_iPhone = "UIInterfaceOrientationPortrait UIInterfaceOrientationLandscapeLeft UIInterfaceOrientationLandscapeRight";
				LD_RUNPATH_SEARCH_PATHS = (
					"$(inherited)",
					"@executable_path/Frameworks",
				);
				MARKETING_VERSION = 1.0;
				PRODUCT_BUNDLE_IDENTIFIER = com.ilyas.EmployeeLog;
				PRODUCT_NAME = "$(TARGET_NAME)";
				SWIFT_EMIT_LOC_STRINGS = YES;
				SWIFT_VERSION = 5.0;
				TARGETED_DEVICE_FAMILY = "1,2";
			};
			name = Release;
		};
/* End XCBuildConfiguration section */

/* Begin XCConfigurationList section */
		606DCF3527E003C900C4D26B /* Build configuration list for PBXProject "EmployeeLog" */ = {
			isa = XCConfigurationList;
			buildConfigurations = (
				606DCF4627E003CF00C4D26B /* Debug */,
				606DCF4727E003CF00C4D26B /* Release */,
			);
			defaultConfigurationIsVisible = 0;
			defaultConfigurationName = Release;
		};
		606DCF4827E003CF00C4D26B /* Build configuration list for PBXNativeTarget "EmployeeLog" */ = {
			isa = XCConfigurationList;
			buildConfigurations = (
				606DCF4927E003CF00C4D26B /* Debug */,
				606DCF4A27E003CF00C4D26B /* Release */,
			);
			defaultConfigurationIsVisible = 0;
			defaultConfigurationName = Release;
		};
/* End XCConfigurationList section */
	};
	rootObject = 606DCF3227E003C900C4D26B /* Project object */;
}
